// !$*UTF8*$!
{
	archiveVersion = 1;
	classes = {
	};
	objectVersion = 46;
	objects = {

/* Begin PBXBuildFile section */
		F73509531AFB7EE2007053A2 /* AppDelegate.swift in Sources */ = {isa = PBXBuildFile; fileRef = F73509521AFB7EE2007053A2 /* AppDelegate.swift */; };
		F735095A1AFB7EE2007053A2 /* Main.storyboard in Resources */ = {isa = PBXBuildFile; fileRef = F73509581AFB7EE2007053A2 /* Main.storyboard */; };
		F735095C1AFB7EE2007053A2 /* Images.xcassets in Resources */ = {isa = PBXBuildFile; fileRef = F735095B1AFB7EE2007053A2 /* Images.xcassets */; };
		F735095F1AFB7EE2007053A2 /* LaunchScreen.xib in Resources */ = {isa = PBXBuildFile; fileRef = F735095D1AFB7EE2007053A2 /* LaunchScreen.xib */; };
		F735096B1AFB7EE3007053A2 /* RadioButtonCheckboxTableViewTests.swift in Sources */ = {isa = PBXBuildFile; fileRef = F735096A1AFB7EE3007053A2 /* RadioButtonCheckboxTableViewTests.swift */; };
		F735097F1AFB8695007053A2 /* User.swift in Sources */ = {isa = PBXBuildFile; fileRef = F735097E1AFB8695007053A2 /* User.swift */; };
		F73509811AFB8814007053A2 /* UserListTableViewController.swift in Sources */ = {isa = PBXBuildFile; fileRef = F73509801AFB8814007053A2 /* UserListTableViewController.swift */; };
		F73509831AFB882C007053A2 /* UserAddTableViewController.swift in Sources */ = {isa = PBXBuildFile; fileRef = F73509821AFB882C007053A2 /* UserAddTableViewController.swift */; };
/* End PBXBuildFile section */

/* Begin PBXContainerItemProxy section */
		F73509651AFB7EE3007053A2 /* PBXContainerItemProxy */ = {
			isa = PBXContainerItemProxy;
			containerPortal = F73509451AFB7EE2007053A2 /* Project object */;
			proxyType = 1;
			remoteGlobalIDString = F735094C1AFB7EE2007053A2;
			remoteInfo = RadioButtonCheckboxTableView;
		};
/* End PBXContainerItemProxy section */

/* Begin PBXFileReference section */
		F735094D1AFB7EE2007053A2 /* RadioButtonCheckboxTableView.app */ = {isa = PBXFileReference; explicitFileType = wrapper.application; includeInIndex = 0; path = RadioButtonCheckboxTableView.app; sourceTree = BUILT_PRODUCTS_DIR; };
		F73509511AFB7EE2007053A2 /* Info.plist */ = {isa = PBXFileReference; lastKnownFileType = text.plist.xml; path = Info.plist; sourceTree = "<group>"; };
		F73509521AFB7EE2007053A2 /* AppDelegate.swift */ = {isa = PBXFileReference; lastKnownFileType = sourcecode.swift; path = AppDelegate.swift; sourceTree = "<group>"; };
		F73509591AFB7EE2007053A2 /* Base */ = {isa = PBXFileReference; lastKnownFileType = file.storyboard; name = Base; path = Base.lproj/Main.storyboard; sourceTree = "<group>"; };
		F735095B1AFB7EE2007053A2 /* Images.xcassets */ = {isa = PBXFileReference; lastKnownFileType = folder.assetcatalog; path = Images.xcassets; sourceTree = "<group>"; };
		F735095E1AFB7EE2007053A2 /* Base */ = {isa = PBXFileReference; lastKnownFileType = file.xib; name = Base; path = Base.lproj/LaunchScreen.xib; sourceTree = "<group>"; };
		F73509641AFB7EE3007053A2 /* RadioButtonCheckboxTableViewTests.xctest */ = {isa = PBXFileReference; explicitFileType = wrapper.cfbundle; includeInIndex = 0; path = RadioButtonCheckboxTableViewTests.xctest; sourceTree = BUILT_PRODUCTS_DIR; };
		F73509691AFB7EE3007053A2 /* Info.plist */ = {isa = PBXFileReference; lastKnownFileType = text.plist.xml; path = Info.plist; sourceTree = "<group>"; };
		F735096A1AFB7EE3007053A2 /* RadioButtonCheckboxTableViewTests.swift */ = {isa = PBXFileReference; lastKnownFileType = sourcecode.swift; path = RadioButtonCheckboxTableViewTests.swift; sourceTree = "<group>"; };
		F735097E1AFB8695007053A2 /* User.swift */ = {isa = PBXFileReference; fileEncoding = 4; lastKnownFileType = sourcecode.swift; path = User.swift; sourceTree = "<group>"; };
		F73509801AFB8814007053A2 /* UserListTableViewController.swift */ = {isa = PBXFileReference; fileEncoding = 4; lastKnownFileType = sourcecode.swift; path = UserListTableViewController.swift; sourceTree = "<group>"; };
		F73509821AFB882C007053A2 /* UserAddTableViewController.swift */ = {isa = PBXFileReference; fileEncoding = 4; lastKnownFileType = sourcecode.swift; path = UserAddTableViewController.swift; sourceTree = "<group>"; };
/* End PBXFileReference section */

/* Begin PBXFrameworksBuildPhase section */
		F735094A1AFB7EE2007053A2 /* Frameworks */ = {
			isa = PBXFrameworksBuildPhase;
			buildActionMask = 2147483647;
			files = (
			);
			runOnlyForDeploymentPostprocessing = 0;
		};
		F73509611AFB7EE3007053A2 /* Frameworks */ = {
			isa = PBXFrameworksBuildPhase;
			buildActionMask = 2147483647;
			files = (
			);
			runOnlyForDeploymentPostprocessing = 0;
		};
/* End PBXFrameworksBuildPhase section */

/* Begin PBXGroup section */
		F73509441AFB7EE2007053A2 = {
			isa = PBXGroup;
			children = (
				F735094F1AFB7EE2007053A2 /* RadioButtonCheckboxTableView */,
				F73509671AFB7EE3007053A2 /* RadioButtonCheckboxTableViewTests */,
				F735094E1AFB7EE2007053A2 /* Products */,
			);
			sourceTree = "<group>";
		};
		F735094E1AFB7EE2007053A2 /* Products */ = {
			isa = PBXGroup;
			children = (
				F735094D1AFB7EE2007053A2 /* RadioButtonCheckboxTableView.app */,
				F73509641AFB7EE3007053A2 /* RadioButtonCheckboxTableViewTests.xctest */,
			);
			name = Products;
			sourceTree = "<group>";
		};
		F735094F1AFB7EE2007053A2 /* RadioButtonCheckboxTableView */ = {
			isa = PBXGroup;
			children = (
				F73509521AFB7EE2007053A2 /* AppDelegate.swift */,
				F735097E1AFB8695007053A2 /* User.swift */,
				F73509801AFB8814007053A2 /* UserListTableViewController.swift */,
				F73509821AFB882C007053A2 /* UserAddTableViewController.swift */,
				F73509581AFB7EE2007053A2 /* Main.storyboard */,
				F735095B1AFB7EE2007053A2 /* Images.xcassets */,
				F735095D1AFB7EE2007053A2 /* LaunchScreen.xib */,
				F73509501AFB7EE2007053A2 /* Supporting Files */,
			);
			path = RadioButtonCheckboxTableView;
			sourceTree = "<group>";
		};
		F73509501AFB7EE2007053A2 /* Supporting Files */ = {
			isa = PBXGroup;
			children = (
				F73509511AFB7EE2007053A2 /* Info.plist */,
			);
			name = "Supporting Files";
			sourceTree = "<group>";
		};
		F73509671AFB7EE3007053A2 /* RadioButtonCheckboxTableViewTests */ = {
			isa = PBXGroup;
			children = (
				F735096A1AFB7EE3007053A2 /* RadioButtonCheckboxTableViewTests.swift */,
				F73509681AFB7EE3007053A2 /* Supporting Files */,
			);
			path = RadioButtonCheckboxTableViewTests;
			sourceTree = "<group>";
		};
		F73509681AFB7EE3007053A2 /* Supporting Files */ = {
			isa = PBXGroup;
			children = (
				F73509691AFB7EE3007053A2 /* Info.plist */,
			);
			name = "Supporting Files";
			sourceTree = "<group>";
		};
/* End PBXGroup section */

/* Begin PBXNativeTarget section */
		F735094C1AFB7EE2007053A2 /* RadioButtonCheckboxTableView */ = {
			isa = PBXNativeTarget;
			buildConfigurationList = F735096E1AFB7EE3007053A2 /* Build configuration list for PBXNativeTarget "RadioButtonCheckboxTableView" */;
			buildPhases = (
				F73509491AFB7EE2007053A2 /* Sources */,
				F735094A1AFB7EE2007053A2 /* Frameworks */,
				F735094B1AFB7EE2007053A2 /* Resources */,
			);
			buildRules = (
			);
			dependencies = (
			);
			name = RadioButtonCheckboxTableView;
			productName = RadioButtonCheckboxTableView;
			productReference = F735094D1AFB7EE2007053A2 /* RadioButtonCheckboxTableView.app */;
			productType = "com.apple.product-type.application";
		};
		F73509631AFB7EE3007053A2 /* RadioButtonCheckboxTableViewTests */ = {
			isa = PBXNativeTarget;
			buildConfigurationList = F73509711AFB7EE3007053A2 /* Build configuration list for PBXNativeTarget "RadioButtonCheckboxTableViewTests" */;
			buildPhases = (
				F73509601AFB7EE3007053A2 /* Sources */,
				F73509611AFB7EE3007053A2 /* Frameworks */,
				F73509621AFB7EE3007053A2 /* Resources */,
			);
			buildRules = (
			);
			dependencies = (
				F73509661AFB7EE3007053A2 /* PBXTargetDependency */,
			);
			name = RadioButtonCheckboxTableViewTests;
			productName = RadioButtonCheckboxTableViewTests;
			productReference = F73509641AFB7EE3007053A2 /* RadioButtonCheckboxTableViewTests.xctest */;
			productType = "com.apple.product-type.bundle.unit-test";
		};
/* End PBXNativeTarget section */

/* Begin PBXProject section */
		F73509451AFB7EE2007053A2 /* Project object */ = {
			isa = PBXProject;
			attributes = {
				LastUpgradeCheck = 0630;
				ORGANIZATIONNAME = yad;
				TargetAttributes = {
					F735094C1AFB7EE2007053A2 = {
						CreatedOnToolsVersion = 6.3.1;
					};
					F73509631AFB7EE3007053A2 = {
						CreatedOnToolsVersion = 6.3.1;
						TestTargetID = F735094C1AFB7EE2007053A2;
					};
				};
			};
			buildConfigurationList = F73509481AFB7EE2007053A2 /* Build configuration list for PBXProject "RadioButtonCheckboxTableView" */;
			compatibilityVersion = "Xcode 3.2";
			developmentRegion = English;
			hasScannedForEncodings = 0;
			knownRegions = (
				en,
				Base,
			);
			mainGroup = F73509441AFB7EE2007053A2;
			productRefGroup = F735094E1AFB7EE2007053A2 /* Products */;
			projectDirPath = "";
			projectRoot = "";
			targets = (
				F735094C1AFB7EE2007053A2 /* RadioButtonCheckboxTableView */,
				F73509631AFB7EE3007053A2 /* RadioButtonCheckboxTableViewTests */,
			);
		};
/* End PBXProject section */

/* Begin PBXResourcesBuildPhase section */
		F735094B1AFB7EE2007053A2 /* Resources */ = {
			isa = PBXResourcesBuildPhase;
			buildActionMask = 2147483647;
			files = (
				F735095A1AFB7EE2007053A2 /* Main.storyboard in Resources */,
				F735095F1AFB7EE2007053A2 /* LaunchScreen.xib in Resources */,
				F735095C1AFB7EE2007053A2 /* Images.xcassets in Resources */,
			);
			runOnlyForDeploymentPostprocessing = 0;
		};
		F73509621AFB7EE3007053A2 /* Resources */ = {
			isa = PBXResourcesBuildPhase;
			buildActionMask = 2147483647;
			files = (
			);
			runOnlyForDeploymentPostprocessing = 0;
		};
/* End PBXResourcesBuildPhase section */

/* Begin PBXSourcesBuildPhase section */
		F73509491AFB7EE2007053A2 /* Sources */ = {
			isa = PBXSourcesBuildPhase;
			buildActionMask = 2147483647;
			files = (
				F73509831AFB882C007053A2 /* UserAddTableViewController.swift in Sources */,
				F735097F1AFB8695007053A2 /* User.swift in Sources */,
				F73509811AFB8814007053A2 /* UserListTableViewController.swift in Sources */,
				F73509531AFB7EE2007053A2 /* AppDelegate.swift in Sources */,
			);
			runOnlyForDeploymentPostprocessing = 0;
		};
		F73509601AFB7EE3007053A2 /* Sources */ = {
			isa = PBXSourcesBuildPhase;
			buildActionMask = 2147483647;
			files = (
				F735096B1AFB7EE3007053A2 /* RadioButtonCheckboxTableViewTests.swift in Sources */,
			);
			runOnlyForDeploymentPostprocessing = 0;
		};
/* End PBXSourcesBuildPhase section */

/* Begin PBXTargetDependency section */
		F73509661AFB7EE3007053A2 /* PBXTargetDependency */ = {
			isa = PBXTargetDependency;
			target = F735094C1AFB7EE2007053A2 /* RadioButtonCheckboxTableView */;
			targetProxy = F73509651AFB7EE3007053A2 /* PBXContainerItemProxy */;
		};
/* End PBXTargetDependency section */

/* Begin PBXVariantGroup section */
		F73509581AFB7EE2007053A2 /* Main.storyboard */ = {
			isa = PBXVariantGroup;
			children = (
				F73509591AFB7EE2007053A2 /* Base */,
			);
			name = Main.storyboard;
			sourceTree = "<group>";
		};
		F735095D1AFB7EE2007053A2 /* LaunchScreen.xib */ = {
			isa = PBXVariantGroup;
			children = (
				F735095E1AFB7EE2007053A2 /* Base */,
			);
			name = LaunchScreen.xib;
			sourceTree = "<group>";
		};
/* End PBXVariantGroup section */

/* Begin XCBuildConfiguration section */
		F735096C1AFB7EE3007053A2 /* Debug */ = {
			isa = XCBuildConfiguration;
			buildSettings = {
				ALWAYS_SEARCH_USER_PATHS = NO;
				CLANG_CXX_LANGUAGE_STANDARD = "gnu++0x";
				CLANG_CXX_LIBRARY = "libc++";
				CLANG_ENABLE_MODULES = YES;
				CLANG_ENABLE_OBJC_ARC = YES;
				CLANG_WARN_BOOL_CONVERSION = YES;
				CLANG_WARN_CONSTANT_CONVERSION = YES;
				CLANG_WARN_DIRECT_OBJC_ISA_USAGE = YES_ERROR;
				CLANG_WARN_EMPTY_BODY = YES;
				CLANG_WARN_ENUM_CONVERSION = YES;
				CLANG_WARN_INT_CONVERSION = YES;
				CLANG_WARN_OBJC_ROOT_CLASS = YES_ERROR;
				CLANG_WARN_UNREACHABLE_CODE = YES;
				CLANG_WARN__DUPLICATE_METHOD_MATCH = YES;
				"CODE_SIGN_IDENTITY[sdk=iphoneos*]" = "iPhone Developer";
				COPY_PHASE_STRIP = NO;
				DEBUG_INFORMATION_FORMAT = "dwarf-with-dsym";
				ENABLE_STRICT_OBJC_MSGSEND = YES;
				GCC_C_LANGUAGE_STANDARD = gnu99;
				GCC_DYNAMIC_NO_PIC = NO;
				GCC_NO_COMMON_BLOCKS = YES;
				GCC_OPTIMIZATION_LEVEL = 0;
				GCC_PREPROCESSOR_DEFINITIONS = (
					"DEBUG=1",
					"$(inherited)",
				);
				GCC_SYMBOLS_PRIVATE_EXTERN = NO;
				GCC_WARN_64_TO_32_BIT_CONVERSION = YES;
				GCC_WARN_ABOUT_RETURN_TYPE = YES_ERROR;
				GCC_WARN_UNDECLARED_SELECTOR = YES;
				GCC_WARN_UNINITIALIZED_AUTOS = YES_AGGRESSIVE;
				GCC_WARN_UNUSED_FUNCTION = YES;
				GCC_WARN_UNUSED_VARIABLE = YES;
				IPHONEOS_DEPLOYMENT_TARGET = 8.3;
				MTL_ENABLE_DEBUG_INFO = YES;
				ONLY_ACTIVE_ARCH = YES;
				SDKROOT = iphoneos;
				SWIFT_OPTIMIZATION_LEVEL = "-Onone";
			};
			name = Debug;
		};
		F735096D1AFB7EE3007053A2 /* Release */ = {
			isa = XCBuildConfiguration;
			buildSettings = {
				ALWAYS_SEARCH_USER_PATHS = NO;
				CLANG_CXX_LANGUAGE_STANDARD = "gnu++0x";
				CLANG_CXX_LIBRARY = "libc++";
				CLANG_ENABLE_MODULES = YES;
				CLANG_ENABLE_OBJC_ARC = YES;
				CLANG_WARN_BOOL_CONVERSION = YES;
				CLANG_WARN_CONSTANT_CONVERSION = YES;
				CLANG_WARN_DIRECT_OBJC_ISA_USAGE = YES_ERROR;
				CLANG_WARN_EMPTY_BODY = YES;
				CLANG_WARN_ENUM_CONVERSION = YES;
				CLANG_WARN_INT_CONVERSION = YES;
				CLANG_WARN_OBJC_ROOT_CLASS = YES_ERROR;
				CLANG_WARN_UNREACHABLE_CODE = YES;
				CLANG_WARN__DUPLICATE_METHOD_MATCH = YES;
				"CODE_SIGN_IDENTITY[sdk=iphoneos*]" = "iPhone Developer";
				COPY_PHASE_STRIP = NO;
				DEBUG_INFORMATION_FORMAT = "dwarf-with-dsym";
				ENABLE_NS_ASSERTIONS = NO;
				ENABLE_STRICT_OBJC_MSGSEND = YES;
				GCC_C_LANGUAGE_STANDARD = gnu99;
				GCC_NO_COMMON_BLOCKS = YES;
				GCC_WARN_64_TO_32_BIT_CONVERSION = YES;
				GCC_WARN_ABOUT_RETURN_TYPE = YES_ERROR;
				GCC_WARN_UNDECLARED_SELECTOR = YES;
				GCC_WARN_UNINITIALIZED_AUTOS = YES_AGGRESSIVE;
				GCC_WARN_UNUSED_FUNCTION = YES;
				GCC_WARN_UNUSED_VARIABLE = YES;
				IPHONEOS_DEPLOYMENT_TARGET = 8.3;
				MTL_ENABLE_DEBUG_INFO = NO;
				SDKROOT = iphoneos;
				VALIDATE_PRODUCT = YES;
			};
			name = Release;
		};
		F735096F1AFB7EE3007053A2 /* Debug */ = {
			isa = XCBuildConfiguration;
			buildSettings = {
				ASSETCATALOG_COMPILER_APPICON_NAME = AppIcon;
				INFOPLIST_FILE = RadioButtonCheckboxTableView/Info.plist;
				LD_RUNPATH_SEARCH_PATHS = "$(inherited) @executable_path/Frameworks";
				PRODUCT_NAME = "$(TARGET_NAME)";
			};
			name = Debug;
		};
		F73509701AFB7EE3007053A2 /* Release */ = {
			isa = XCBuildConfiguration;
			buildSettings = {
				ASSETCATALOG_COMPILER_APPICON_NAME = AppIcon;
				INFOPLIST_FILE = RadioButtonCheckboxTableView/Info.plist;
				LD_RUNPATH_SEARCH_PATHS = "$(inherited) @executable_path/Frameworks";
				PRODUCT_NAME = "$(TARGET_NAME)";
			};
			name = Release;
		};
		F73509721AFB7EE3007053A2 /* Debug */ = {
			isa = XCBuildConfiguration;
			buildSettings = {
				BUNDLE_LOADER = "$(TEST_HOST)";
				FRAMEWORK_SEARCH_PATHS = (
					"$(SDKROOT)/Developer/Library/Frameworks",
					"$(inherited)",
				);
				GCC_PREPROCESSOR_DEFINITIONS = (
					"DEBUG=1",
					"$(inherited)",
				);
				INFOPLIST_FILE = RadioButtonCheckboxTableViewTests/Info.plist;
				LD_RUNPATH_SEARCH_PATHS = "$(inherited) @executable_path/Frameworks @loader_path/Frameworks";
				PRODUCT_NAME = "$(TARGET_NAME)";
				TEST_HOST = "$(BUILT_PRODUCTS_DIR)/RadioButtonCheckboxTableView.app/RadioButtonCheckboxTableView";
			};
			name = Debug;
		};
		F73509731AFB7EE3007053A2 /* Release */ = {
			isa = XCBuildConfiguration;
			buildSettings = {
				BUNDLE_LOADER = "$(TEST_HOST)";
				FRAMEWORK_SEARCH_PATHS = (
					"$(SDKROOT)/Developer/Library/Frameworks",
					"$(inherited)",
				);
				INFOPLIST_FILE = RadioButtonCheckboxTableViewTests/Info.plist;
				LD_RUNPATH_SEARCH_PATHS = "$(inherited) @executable_path/Frameworks @loader_path/Frameworks";
				PRODUCT_NAME = "$(TARGET_NAME)";
				TEST_HOST = "$(BUILT_PRODUCTS_DIR)/RadioButtonCheckboxTableView.app/RadioButtonCheckboxTableView";
			};
			name = Release;
		};
/* End XCBuildConfiguration section */

/* Begin XCConfigurationList section */
		F73509481AFB7EE2007053A2 /* Build configuration list for PBXProject "RadioButtonCheckboxTableView" */ = {
			isa = XCConfigurationList;
			buildConfigurations = (
				F735096C1AFB7EE3007053A2 /* Debug */,
				F735096D1AFB7EE3007053A2 /* Release */,
			);
			defaultConfigurationIsVisible = 0;
			defaultConfigurationName = Release;
		};
		F735096E1AFB7EE3007053A2 /* Build configuration list for PBXNativeTarget "RadioButtonCheckboxTableView" */ = {
			isa = XCConfigurationList;
			buildConfigurations = (
				F735096F1AFB7EE3007053A2 /* Debug */,
				F73509701AFB7EE3007053A2 /* Release */,
			);
			defaultConfigurationIsVisible = 0;
			defaultConfigurationName = Release;
		};
		F73509711AFB7EE3007053A2 /* Build configuration list for PBXNativeTarget "RadioButtonCheckboxTableViewTests" */ = {
			isa = XCConfigurationList;
			buildConfigurations = (
				F73509721AFB7EE3007053A2 /* Debug */,
				F73509731AFB7EE3007053A2 /* Release */,
			);
			defaultConfigurationIsVisible = 0;
			defaultConfigurationName = Release;
		};
/* End XCConfigurationList section */
	};
	rootObject = F73509451AFB7EE2007053A2 /* Project object */;
}
